// !$*UTF8*$!
{
	archiveVersion = 1;
	classes = {
	};
	objectVersion = 60;
	objects = {

/* Begin PBXBuildFile section */
		2F72859958551B1E3E967AA2 /* BetElWidget.swift in Sources */ = {isa = PBXBuildFile; fileRef = EF731F19971C018FA05D9FE7 /* BetElWidget.swift */; };
		2FAD9763203C412B000D30F8 /* config.xml in Resources */ = {isa = PBXBuildFile; fileRef = 2FAD9762203C412B000D30F8 /* config.xml */; };
		3E9E713168783F7207FC1BC1 /* SharedData.swift in Sources */ = {isa = PBXBuildFile; fileRef = E9274E9281FDF317A272DE17 /* SharedData.swift */; };
		4D22ABE92AF431CB00220026 /* CapApp-SPM in Frameworks */ = {isa = PBXBuildFile; productRef = 4D22ABE82AF431CB00220026 /* CapApp-SPM */; };
		50379B232058CBB4000EE86E /* capacitor.config.json in Resources */ = {isa = PBXBuildFile; fileRef = 50379B222058CBB4000EE86E /* capacitor.config.json */; };
		504EC3081FED79650016851F /* AppDelegate.swift in Sources */ = {isa = PBXBuildFile; fileRef = 504EC3071FED79650016851F /* AppDelegate.swift */; };
		504EC30D1FED79650016851F /* Main.storyboard in Resources */ = {isa = PBXBuildFile; fileRef = 504EC30B1FED79650016851F /* Main.storyboard */; };
		504EC30F1FED79650016851F /* Assets.xcassets in Resources */ = {isa = PBXBuildFile; fileRef = 504EC30E1FED79650016851F /* Assets.xcassets */; };
		504EC3121FED79650016851F /* LaunchScreen.storyboard in Resources */ = {isa = PBXBuildFile; fileRef = 504EC3101FED79650016851F /* LaunchScreen.storyboard */; };
		50B271D11FEDC1A000F3C39B /* public in Resources */ = {isa = PBXBuildFile; fileRef = 50B271D01FEDC1A000F3C39B /* public */; };
		5CE2A40204577F2C7B07A4AA /* Solar.swift in Sources */ = {isa = PBXBuildFile; fileRef = 09C224FC89218B90CFC8E4C0 /* Solar.swift */; };
		6C4E5E5AA93D9D96B0217FB4 /* NativeTabBarBridge.swift in Sources */ = {isa = PBXBuildFile; fileRef = 46751A00A0A858BF4DE9FC7D /* NativeTabBarBridge.swift */; };
		6D0958385491BDBEF575FB64 /* SharedData.swift in Sources */ = {isa = PBXBuildFile; fileRef = E9274E9281FDF317A272DE17 /* SharedData.swift */; };
		76AFC14D16EBDDD45C98D938 /* BetElCandleWidget.swift in Sources */ = {isa = PBXBuildFile; fileRef = C4818BB0B2787F95B286FD5E /* BetElCandleWidget.swift */; };
		E5480615C180044168F06C36 /* BetElWidgetAccessoryViews.swift in Sources */ = {isa = PBXBuildFile; fileRef = C38A1008B46394CC3110076D /* BetElWidgetAccessoryViews.swift */; };
		8D0519810957C0DECC65A3FB /* BetElActivityAttributes.swift in Sources */ = {isa = PBXBuildFile; fileRef = 07FF05E1C19FF42B9949FFB2 /* BetElActivityAttributes.swift */; };
		7607E476735EC28D0F78ECE8 /* BetElLiveActivityWidget.swift in Sources */ = {isa = PBXBuildFile; fileRef = 9EFDF5ED1856CB83FD99F147 /* BetElLiveActivityWidget.swift */; };
		7F1FD21D057EC7E01E6CB494 /* BetElWidgetBundle.swift in Sources */ = {isa = PBXBuildFile; fileRef = 8BF701305BE4DBDAA787444A /* BetElWidgetBundle.swift */; };
		8A074172DFC9F6AAC6FC5E01 /* BetElWidgetBridge.swift in Sources */ = {isa = PBXBuildFile; fileRef = 682EEB13158E5B65AFF23FB7 /* BetElWidgetBridge.swift */; };
		9582B6832FE993A70072D4E8 /* SceneDelegate.swift in Sources */ = {isa = PBXBuildFile; fileRef = 9582B6822FE993A50072D4E8 /* SceneDelegate.swift */; };
		AB345F94F3B4B35246135031 /* Foundation.framework in Frameworks */ = {isa = PBXBuildFile; fileRef = 6200BCF09C2A315098A0A934 /* Foundation.framework */; };
		B4AFCFCD69014FF5886C2E5E /* BetElWidget.appex in Embed App Extensions */ = {isa = PBXBuildFile; fileRef = 81EB37DC17CE2617B611ABD9 /* BetElWidget.appex */; settings = {ATTRIBUTES = (RemoveHeaderOnCopy, ); }; };
		B88883E07D4A36E212AA52F5 /* Localization.swift in Sources */ = {isa = PBXBuildFile; fileRef = B9219DE907AE74E0EDD8E75B /* Localization.swift */; };
		C761FFA07C5178E57D87BE8F /* Provider.swift in Sources */ = {isa = PBXBuildFile; fileRef = 16FE6D65B6A501918B061D8C /* Provider.swift */; };
		ECCF7B063C32BD92317F5535 /* MainViewController.swift in Sources */ = {isa = PBXBuildFile; fileRef = 8AA98F6EE9BABA518238B1D5 /* MainViewController.swift */; };
		FA978A88D2397868B7551144 /* HebrewDay.swift in Sources */ = {isa = PBXBuildFile; fileRef = 2F3DE7F09F11BFC86E15552C /* HebrewDay.swift */; };
		1A2B3C4D5E6F7081920A3B4C /* NativeToolsFabView.swift in Sources */ = {isa = PBXBuildFile; fileRef = 2A3B4C5D6E7F8091A2B3C4D5 /* NativeToolsFabView.swift */; };
		3B4C5D6E7F8091A2B3C4D5E6 /* NativeToolsFabBridge.swift in Sources */ = {isa = PBXBuildFile; fileRef = 4C5D6E7F8091A2B3C4D5E6F7 /* NativeToolsFabBridge.swift */; };
		30877432D1026706D7E805DA /* NativeTopBarView.swift in Sources */ = {isa = PBXBuildFile; fileRef = 846A32C3BB81E3C29B621792 /* NativeTopBarView.swift */; };
		73C8EB5BB682575EC87A171A /* NativeTopBarBridge.swift in Sources */ = {isa = PBXBuildFile; fileRef = C826A6FCE48478DCB74F2134 /* NativeTopBarBridge.swift */; };
		358B0438C8F4F446F64D9FE9 /* NativeHapticsBridge.swift in Sources */ = {isa = PBXBuildFile; fileRef = E2CB513BB9D040126A1E4171 /* NativeHapticsBridge.swift */; };
		E65EEC85465EDFF002888C93 /* ReduceMotion.swift in Sources */ = {isa = PBXBuildFile; fileRef = 8C0819265AB1B472A13A2BA0 /* ReduceMotion.swift */; };
		A200CE886CD1AD5CD6311403 /* DynamicType.swift in Sources */ = {isa = PBXBuildFile; fileRef = 52276BF61DAE1510C07348CC /* DynamicType.swift */; };
		87F72906DF107C467AAC6636 /* BetElActivityAttributes.swift in Sources */ = {isa = PBXBuildFile; fileRef = 07FF05E1C19FF42B9949FFB2 /* BetElActivityAttributes.swift */; };
		3704B246A788E3EDE2D23423 /* NativeLiveActivityBridge.swift in Sources */ = {isa = PBXBuildFile; fileRef = 3E0F62F883430B7F10EF4D84 /* NativeLiveActivityBridge.swift */; };
		248104E148D729AB8E762FC0 /* Solar.swift in Sources */ = {isa = PBXBuildFile; fileRef = 09C224FC89218B90CFC8E4C0 /* Solar.swift */; };
		3FA22A6CC01FDBE4BEB5E255 /* Localization.swift in Sources */ = {isa = PBXBuildFile; fileRef = B9219DE907AE74E0EDD8E75B /* Localization.swift */; };
		3FD4E3BBFF6906BCB14C7B69 /* NativeToastView.swift in Sources */ = {isa = PBXBuildFile; fileRef = C2C31AABF568510A2DCDD82E /* NativeToastView.swift */; };
		A1B2C3D4E5F60718293A4B5C /* NativeHomeEdit.swift in Sources */ = {isa = PBXBuildFile; fileRef = A1B2C3D4E5F60718293A4B5D /* NativeHomeEdit.swift */; };
		7BE1EC9F2197E2A403D8C9D9 /* NativeToastBridge.swift in Sources */ = {isa = PBXBuildFile; fileRef = D0EE0FBFC77A3BB2EDF48C60 /* NativeToastBridge.swift */; };
		D7FDDA1C5DE4E8BEC38E0C7E /* NativeSettingsView.swift in Sources */ = {isa = PBXBuildFile; fileRef = C0560A6B6A92127FD742CD38 /* NativeSettingsView.swift */; };
		F67D27C4CF665B6C3EDE3DB5 /* NativeSettingsBridge.swift in Sources */ = {isa = PBXBuildFile; fileRef = C1C52B520E04435FBB9792A7 /* NativeSettingsBridge.swift */; };
		7EEB8A1EC9332A30A983694D /* NativeModalView.swift in Sources */ = {isa = PBXBuildFile; fileRef = 1B428F3E50E86C2C5F2CA963 /* NativeModalView.swift */; };
		5310F88053FC3FCDCEAB11B9 /* NativeModalBridge.swift in Sources */ = {isa = PBXBuildFile; fileRef = D49FC08FBF54A2989D5E52E2 /* NativeModalBridge.swift */; };
		9E1D4BC5FFC163B08E7D88C6 /* NativeFeedbackFormView.swift in Sources */ = {isa = PBXBuildFile; fileRef = AD982A6820578D37E334E0A8 /* NativeFeedbackFormView.swift */; };
/* End PBXBuildFile section */

/* Begin PBXContainerItemProxy section */
		5EDB269DBD3B49E987F1DB6E /* PBXContainerItemProxy */ = {
			isa = PBXContainerItemProxy;
			containerPortal = 504EC2FC1FED79650016851F /* Project object */;
			proxyType = 1;
			remoteGlobalIDString = 10B43BF50CA590CE702DE68A;
			remoteInfo = BetElWidget;
		};
/* End PBXContainerItemProxy section */

/* Begin PBXCopyFilesBuildPhase section */
		55FDED17B90C1B59C368A6E3 /* Embed App Extensions */ = {
			isa = PBXCopyFilesBuildPhase;
			buildActionMask = 2147483647;
			dstPath = "";
			dstSubfolderSpec = 13;
			files = (
				B4AFCFCD69014FF5886C2E5E /* BetElWidget.appex in Embed App Extensions */,
			);
			name = "Embed App Extensions";
			runOnlyForDeploymentPostprocessing = 0;
		};
/* End PBXCopyFilesBuildPhase section */

/* Begin PBXFileReference section */
		09C224FC89218B90CFC8E4C0 /* Solar.swift */ = {isa = PBXFileReference; includeInIndex = 1; lastKnownFileType = sourcecode.swift; path = Solar.swift; sourceTree = "<group>"; };
		16FE6D65B6A501918B061D8C /* Provider.swift */ = {isa = PBXFileReference; includeInIndex = 1; lastKnownFileType = sourcecode.swift; path = Provider.swift; sourceTree = "<group>"; };
		2F3DE7F09F11BFC86E15552C /* HebrewDay.swift */ = {isa = PBXFileReference; includeInIndex = 1; lastKnownFileType = sourcecode.swift; path = HebrewDay.swift; sourceTree = "<group>"; };
		2FAD9762203C412B000D30F8 /* config.xml */ = {isa = PBXFileReference; lastKnownFileType = text.xml; path = config.xml; sourceTree = "<group>"; };
		46751A00A0A858BF4DE9FC7D /* NativeTabBarBridge.swift */ = {isa = PBXFileReference; includeInIndex = 1; lastKnownFileType = sourcecode.swift; path = NativeTabBarBridge.swift; sourceTree = "<group>"; };
		49EC39C473DF8F15EAD181A6 /* Info.plist */ = {isa = PBXFileReference; includeInIndex = 1; lastKnownFileType = text.plist.xml; path = Info.plist; sourceTree = "<group>"; };
		50379B222058CBB4000EE86E /* capacitor.config.json */ = {isa = PBXFileReference; fileEncoding = 4; lastKnownFileType = text.json; path = capacitor.config.json; sourceTree = "<group>"; };
		504EC3041FED79650016851F /* App.app */ = {isa = PBXFileReference; explicitFileType = wrapper.application; includeInIndex = 0; path = App.app; sourceTree = BUILT_PRODUCTS_DIR; };
		504EC3071FED79650016851F /* AppDelegate.swift */ = {isa = PBXFileReference; lastKnownFileType = sourcecode.swift; path = AppDelegate.swift; sourceTree = "<group>"; };
		504EC30C1FED79650016851F /* Base */ = {isa = PBXFileReference; lastKnownFileType = file.storyboard; name = Base; path = Base.lproj/Main.storyboard; sourceTree = "<group>"; };
		504EC30E1FED79650016851F /* Assets.xcassets */ = {isa = PBXFileReference; lastKnownFileType = folder.assetcatalog; path = Assets.xcassets; sourceTree = "<group>"; };
		504EC3111FED79650016851F /* Base */ = {isa = PBXFileReference; lastKnownFileType = file.storyboard; name = Base; path = Base.lproj/LaunchScreen.storyboard; sourceTree = "<group>"; };
		504EC3131FED79650016851F /* Info.plist */ = {isa = PBXFileReference; lastKnownFileType = text.plist.xml; path = Info.plist; sourceTree = "<group>"; };
		50B271D01FEDC1A000F3C39B /* public */ = {isa = PBXFileReference; lastKnownFileType = folder; path = public; sourceTree = "<group>"; };
		6200BCF09C2A315098A0A934 /* Foundation.framework */ = {isa = PBXFileReference; lastKnownFileType = wrapper.framework; name = Foundation.framework; path = Platforms/iPhoneOS.platform/Developer/SDKs/iPhoneOS26.0.sdk/System/Library/Frameworks/Foundation.framework; sourceTree = DEVELOPER_DIR; };
		655C956457ECBF25294D3CBF /* BetElWidget.entitlements */ = {isa = PBXFileReference; includeInIndex = 1; lastKnownFileType = text.plist.entitlements; path = BetElWidget.entitlements; sourceTree = "<group>"; };
		682EEB13158E5B65AFF23FB7 /* BetElWidgetBridge.swift */ = {isa = PBXFileReference; includeInIndex = 1; lastKnownFileType = sourcecode.swift; path = BetElWidgetBridge.swift; sourceTree = "<group>"; };
		81EB37DC17CE2617B611ABD9 /* BetElWidget.appex */ = {isa = PBXFileReference; explicitFileType = "wrapper.app-extension"; includeInIndex = 0; path = BetElWidget.appex; sourceTree = BUILT_PRODUCTS_DIR; };
		8AA98F6EE9BABA518238B1D5 /* MainViewController.swift */ = {isa = PBXFileReference; includeInIndex = 1; lastKnownFileType = sourcecode.swift; path = MainViewController.swift; sourceTree = "<group>"; };
		8BF701305BE4DBDAA787444A /* BetElWidgetBundle.swift */ = {isa = PBXFileReference; includeInIndex = 1; lastKnownFileType = sourcecode.swift; path = BetElWidgetBundle.swift; sourceTree = "<group>"; };
		9582B6822FE993A50072D4E8 /* SceneDelegate.swift */ = {isa = PBXFileReference; lastKnownFileType = sourcecode.swift; path = SceneDelegate.swift; sourceTree = "<group>"; };
		958DCC722DB07C7200EA8C5F /* debug.xcconfig */ = {isa = PBXFileReference; lastKnownFileType = text.xcconfig; name = debug.xcconfig; path = ../debug.xcconfig; sourceTree = SOURCE_ROOT; };
		B9219DE907AE74E0EDD8E75B /* Localization.swift */ = {isa = PBXFileReference; includeInIndex = 1; lastKnownFileType = sourcecode.swift; path = Localization.swift; sourceTree = "<group>"; };
		C4818BB0B2787F95B286FD5E /* BetElCandleWidget.swift */ = {isa = PBXFileReference; includeInIndex = 1; lastKnownFileType = sourcecode.swift; path = BetElCandleWidget.swift; sourceTree = "<group>"; };
		C38A1008B46394CC3110076D /* BetElWidgetAccessoryViews.swift */ = {isa = PBXFileReference; includeInIndex = 1; lastKnownFileType = sourcecode.swift; path = BetElWidgetAccessoryViews.swift; sourceTree = "<group>"; };
		DE278307C742BE5E4186087A /* App.entitlements */ = {isa = PBXFileReference; includeInIndex = 1; lastKnownFileType = text.plist.entitlements; path = App.entitlements; sourceTree = "<group>"; };
		E9274E9281FDF317A272DE17 /* SharedData.swift */ = {isa = PBXFileReference; includeInIndex = 1; lastKnownFileType = sourcecode.swift; path = SharedData.swift; sourceTree = "<group>"; };
		EF731F19971C018FA05D9FE7 /* BetElWidget.swift */ = {isa = PBXFileReference; includeInIndex = 1; lastKnownFileType = sourcecode.swift; path = BetElWidget.swift; sourceTree = "<group>"; };
		2A3B4C5D6E7F8091A2B3C4D5 /* NativeToolsFabView.swift */ = {isa = PBXFileReference; includeInIndex = 1; lastKnownFileType = sourcecode.swift; path = NativeToolsFabView.swift; sourceTree = "<group>"; };
		4C5D6E7F8091A2B3C4D5E6F7 /* NativeToolsFabBridge.swift */ = {isa = PBXFileReference; includeInIndex = 1; lastKnownFileType = sourcecode.swift; path = NativeToolsFabBridge.swift; sourceTree = "<group>"; };
		846A32C3BB81E3C29B621792 /* NativeTopBarView.swift */ = {isa = PBXFileReference; includeInIndex = 1; lastKnownFileType = sourcecode.swift; path = NativeTopBarView.swift; sourceTree = "<group>"; };
		C826A6FCE48478DCB74F2134 /* NativeTopBarBridge.swift */ = {isa = PBXFileReference; includeInIndex = 1; lastKnownFileType = sourcecode.swift; path = NativeTopBarBridge.swift; sourceTree = "<group>"; };
		E2CB513BB9D040126A1E4171 /* NativeHapticsBridge.swift */ = {isa = PBXFileReference; includeInIndex = 1; lastKnownFileType = sourcecode.swift; path = NativeHapticsBridge.swift; sourceTree = "<group>"; };
		8C0819265AB1B472A13A2BA0 /* ReduceMotion.swift */ = {isa = PBXFileReference; includeInIndex = 1; lastKnownFileType = sourcecode.swift; path = ReduceMotion.swift; sourceTree = "<group>"; };
		52276BF61DAE1510C07348CC /* DynamicType.swift */ = {isa = PBXFileReference; includeInIndex = 1; lastKnownFileType = sourcecode.swift; path = DynamicType.swift; sourceTree = "<group>"; };
		07FF05E1C19FF42B9949FFB2 /* BetElActivityAttributes.swift */ = {isa = PBXFileReference; includeInIndex = 1; lastKnownFileType = sourcecode.swift; path = BetElActivityAttributes.swift; sourceTree = "<group>"; };
		3E0F62F883430B7F10EF4D84 /* NativeLiveActivityBridge.swift */ = {isa = PBXFileReference; includeInIndex = 1; lastKnownFileType = sourcecode.swift; path = NativeLiveActivityBridge.swift; sourceTree = "<group>"; };
		9EFDF5ED1856CB83FD99F147 /* BetElLiveActivityWidget.swift */ = {isa = PBXFileReference; includeInIndex = 1; lastKnownFileType = sourcecode.swift; path = BetElLiveActivityWidget.swift; sourceTree = "<group>"; };
		C2C31AABF568510A2DCDD82E /* NativeToastView.swift */ = {isa = PBXFileReference; includeInIndex = 1; lastKnownFileType = sourcecode.swift; path = NativeToastView.swift; sourceTree = "<group>"; };
		A1B2C3D4E5F60718293A4B5D /* NativeHomeEdit.swift */ = {isa = PBXFileReference; includeInIndex = 1; lastKnownFileType = sourcecode.swift; path = NativeHomeEdit.swift; sourceTree = "<group>"; };
		D0EE0FBFC77A3BB2EDF48C60 /* NativeToastBridge.swift */ = {isa = PBXFileReference; includeInIndex = 1; lastKnownFileType = sourcecode.swift; path = NativeToastBridge.swift; sourceTree = "<group>"; };
		C0560A6B6A92127FD742CD38 /* NativeSettingsView.swift */ = {isa = PBXFileReference; includeInIndex = 1; lastKnownFileType = sourcecode.swift; path = NativeSettingsView.swift; sourceTree = "<group>"; };
		C1C52B520E04435FBB9792A7 /* NativeSettingsBridge.swift */ = {isa = PBXFileReference; includeInIndex = 1; lastKnownFileType = sourcecode.swift; path = NativeSettingsBridge.swift; sourceTree = "<group>"; };
		1B428F3E50E86C2C5F2CA963 /* NativeModalView.swift */ = {isa = PBXFileReference; includeInIndex = 1; lastKnownFileType = sourcecode.swift; path = NativeModalView.swift; sourceTree = "<group>"; };
		D49FC08FBF54A2989D5E52E2 /* NativeModalBridge.swift */ = {isa = PBXFileReference; includeInIndex = 1; lastKnownFileType = sourcecode.swift; path = NativeModalBridge.swift; sourceTree = "<group>"; };
		AD982A6820578D37E334E0A8 /* NativeFeedbackFormView.swift */ = {isa = PBXFileReference; includeInIndex = 1; lastKnownFileType = sourcecode.swift; path = NativeFeedbackFormView.swift; sourceTree = "<group>"; };
/* End PBXFileReference section */

/* Begin PBXFrameworksBuildPhase section */
		18C4299739A786525601D9AC /* Frameworks */ = {
			isa = PBXFrameworksBuildPhase;
			buildActionMask = 2147483647;
			files = (
				AB345F94F3B4B35246135031 /* Foundation.framework in Frameworks */,
			);
			runOnlyForDeploymentPostprocessing = 0;
		};
		504EC3011FED79650016851F /* Frameworks */ = {
			isa = PBXFrameworksBuildPhase;
			buildActionMask = 2147483647;
			files = (
				4D22ABE92AF431CB00220026 /* CapApp-SPM in Frameworks */,
			);
			runOnlyForDeploymentPostprocessing = 0;
		};
/* End PBXFrameworksBuildPhase section */

/* Begin PBXGroup section */
		504EC2FB1FED79650016851F = {
			isa = PBXGroup;
			children = (
				958DCC722DB07C7200EA8C5F /* debug.xcconfig */,
				504EC3061FED79650016851F /* App */,
				504EC3051FED79650016851F /* Products */,
				6EA57D0CFD3B0C41C55566BC /* BetElWidget */,
				97770C83C0F67F3D130FE862 /* Frameworks */,
			);
			sourceTree = "<group>";
		};
		504EC3051FED79650016851F /* Products */ = {
			isa = PBXGroup;
			children = (
				504EC3041FED79650016851F /* App.app */,
				81EB37DC17CE2617B611ABD9 /* BetElWidget.appex */,
			);
			name = Products;
			sourceTree = "<group>";
		};
		504EC3061FED79650016851F /* App */ = {
			isa = PBXGroup;
			children = (
				9582B6822FE993A50072D4E8 /* SceneDelegate.swift */,
				50379B222058CBB4000EE86E /* capacitor.config.json */,
				504EC3071FED79650016851F /* AppDelegate.swift */,
				504EC30B1FED79650016851F /* Main.storyboard */,
				504EC30E1FED79650016851F /* Assets.xcassets */,
				504EC3101FED79650016851F /* LaunchScreen.storyboard */,
				504EC3131FED79650016851F /* Info.plist */,
				2FAD9762203C412B000D30F8 /* config.xml */,
				50B271D01FEDC1A000F3C39B /* public */,
				682EEB13158E5B65AFF23FB7 /* BetElWidgetBridge.swift */,
				DE278307C742BE5E4186087A /* App.entitlements */,
				8AA98F6EE9BABA518238B1D5 /* MainViewController.swift */,
				46751A00A0A858BF4DE9FC7D /* NativeTabBarBridge.swift */,
				2A3B4C5D6E7F8091A2B3C4D5 /* NativeToolsFabView.swift */,
				4C5D6E7F8091A2B3C4D5E6F7 /* NativeToolsFabBridge.swift */,
				846A32C3BB81E3C29B621792 /* NativeTopBarView.swift */,
				C826A6FCE48478DCB74F2134 /* NativeTopBarBridge.swift */,
				E2CB513BB9D040126A1E4171 /* NativeHapticsBridge.swift */,
				8C0819265AB1B472A13A2BA0 /* ReduceMotion.swift */,
				52276BF61DAE1510C07348CC /* DynamicType.swift */,
				C2C31AABF568510A2DCDD82E /* NativeToastView.swift */,
				D0EE0FBFC77A3BB2EDF48C60 /* NativeToastBridge.swift */,
				A1B2C3D4E5F60718293A4B5D /* NativeHomeEdit.swift */,
				C0560A6B6A92127FD742CD38 /* NativeSettingsView.swift */,
				C1C52B520E04435FBB9792A7 /* NativeSettingsBridge.swift */,
				1B428F3E50E86C2C5F2CA963 /* NativeModalView.swift */,
				D49FC08FBF54A2989D5E52E2 /* NativeModalBridge.swift */,
				AD982A6820578D37E334E0A8 /* NativeFeedbackFormView.swift */,
				07FF05E1C19FF42B9949FFB2 /* BetElActivityAttributes.swift */,
				3E0F62F883430B7F10EF4D84 /* NativeLiveActivityBridge.swift */,
			);
			path = App;
			sourceTree = "<group>";
		};
		5500976724450EB596BE7415 /* iOS */ = {
			isa = PBXGroup;
			children = (
				6200BCF09C2A315098A0A934 /* Foundation.framework */,
			);
			name = iOS;
			sourceTree = "<group>";
		};
		6EA57D0CFD3B0C41C55566BC /* BetElWidget */ = {
			isa = PBXGroup;
			children = (
				8BF701305BE4DBDAA787444A /* BetElWidgetBundle.swift */,
				EF731F19971C018FA05D9FE7 /* BetElWidget.swift */,
				16FE6D65B6A501918B061D8C /* Provider.swift */,
				09C224FC89218B90CFC8E4C0 /* Solar.swift */,
				2F3DE7F09F11BFC86E15552C /* HebrewDay.swift */,
				E9274E9281FDF317A272DE17 /* SharedData.swift */,
				49EC39C473DF8F15EAD181A6 /* Info.plist */,
				655C956457ECBF25294D3CBF /* BetElWidget.entitlements */,
				C4818BB0B2787F95B286FD5E /* BetElCandleWidget.swift */,
				C38A1008B46394CC3110076D /* BetElWidgetAccessoryViews.swift */,
				B9219DE907AE74E0EDD8E75B /* Localization.swift */,
				9EFDF5ED1856CB83FD99F147 /* BetElLiveActivityWidget.swift */,
			);
			name = BetElWidget;
			path = BetElWidget;
			sourceTree = "<group>";
		};
		97770C83C0F67F3D130FE862 /* Frameworks */ = {
			isa = PBXGroup;
			children = (
				5500976724450EB596BE7415 /* iOS */,
			);
			name = Frameworks;
			sourceTree = "<group>";
		};
/* End PBXGroup section */

/* Begin PBXNativeTarget section */
		10B43BF50CA590CE702DE68A /* BetElWidget */ = {
			isa = PBXNativeTarget;
			buildConfigurationList = 66F901C21A336A21E0AE60AE /* Build configuration list for PBXNativeTarget "BetElWidget" */;
			buildPhases = (
				3C13C4DE44D8AC73BF14DDF6 /* Sources */,
				18C4299739A786525601D9AC /* Frameworks */,
				359B344F88AC4285E20D179D /* Resources */,
			);
			buildRules = (
			);
			dependencies = (
			);
			name = BetElWidget;
			productName = BetElWidget;
			productReference = 81EB37DC17CE2617B611ABD9 /* BetElWidget.appex */;
			productType = "com.apple.product-type.app-extension";
		};
		504EC3031FED79650016851F /* App */ = {
			isa = PBXNativeTarget;
			buildConfigurationList = 504EC3161FED79650016851F /* Build configuration list for PBXNativeTarget "App" */;
			buildPhases = (
				504EC3001FED79650016851F /* Sources */,
				504EC3011FED79650016851F /* Frameworks */,
				504EC3021FED79650016851F /* Resources */,
				55FDED17B90C1B59C368A6E3 /* Embed App Extensions */,
			);
			buildRules = (
			);
			dependencies = (
				1DE532BDB192994A08A97888 /* PBXTargetDependency */,
			);
			name = App;
			packageProductDependencies = (
				4D22ABE82AF431CB00220026 /* CapApp-SPM */,
			);
			productName = App;
			productReference = 504EC3041FED79650016851F /* App.app */;
			productType = "com.apple.product-type.application";
		};
/* End PBXNativeTarget section */

/* Begin PBXProject section */
		504EC2FC1FED79650016851F /* Project object */ = {
			isa = PBXProject;
			attributes = {
				LastSwiftUpdateCheck = 0920;
				LastUpgradeCheck = 0920;
				TargetAttributes = {
					504EC3031FED79650016851F = {
						CreatedOnToolsVersion = 9.2;
						LastSwiftMigration = 1100;
						ProvisioningStyle = Automatic;
					};
				};
			};
			buildConfigurationList = 504EC2FF1FED79650016851F /* Build configuration list for PBXProject "App" */;
			compatibilityVersion = "Xcode 8.0";
			developmentRegion = en;
			hasScannedForEncodings = 0;
			knownRegions = (
				en,
				Base,
			);
			mainGroup = 504EC2FB1FED79650016851F;
			packageReferences = (
				D4C12C0A2AAA248700AAC8A2 /* XCLocalSwiftPackageReference "CapApp-SPM" */,
			);
			productRefGroup = 504EC3051FED79650016851F /* Products */;
			projectDirPath = "";
			projectRoot = "";
			targets = (
				504EC3031FED79650016851F /* App */,
				10B43BF50CA590CE702DE68A /* BetElWidget */,
			);
		};
/* End PBXProject section */

/* Begin PBXResourcesBuildPhase section */
		359B344F88AC4285E20D179D /* Resources */ = {
			isa = PBXResourcesBuildPhase;
			buildActionMask = 2147483647;
			files = (
			);
			runOnlyForDeploymentPostprocessing = 0;
		};
		504EC3021FED79650016851F /* Resources */ = {
			isa = PBXResourcesBuildPhase;
			buildActionMask = 2147483647;
			files = (
				504EC3121FED79650016851F /* LaunchScreen.storyboard in Resources */,
				50B271D11FEDC1A000F3C39B /* public in Resources */,
				504EC30F1FED79650016851F /* Assets.xcassets in Resources */,
				50379B232058CBB4000EE86E /* capacitor.config.json in Resources */,
				504EC30D1FED79650016851F /* Main.storyboard in Resources */,
				2FAD9763203C412B000D30F8 /* config.xml in Resources */,
			);
			runOnlyForDeploymentPostprocessing = 0;
		};
/* End PBXResourcesBuildPhase section */

/* Begin PBXSourcesBuildPhase section */
		3C13C4DE44D8AC73BF14DDF6 /* Sources */ = {
			isa = PBXSourcesBuildPhase;
			buildActionMask = 2147483647;
			files = (
				7F1FD21D057EC7E01E6CB494 /* BetElWidgetBundle.swift in Sources */,
				2F72859958551B1E3E967AA2 /* BetElWidget.swift in Sources */,
				C761FFA07C5178E57D87BE8F /* Provider.swift in Sources */,
				5CE2A40204577F2C7B07A4AA /* Solar.swift in Sources */,
				FA978A88D2397868B7551144 /* HebrewDay.swift in Sources */,
				6D0958385491BDBEF575FB64 /* SharedData.swift in Sources */,
				76AFC14D16EBDDD45C98D938 /* BetElCandleWidget.swift in Sources */,
				E5480615C180044168F06C36 /* BetElWidgetAccessoryViews.swift in Sources */,
				B88883E07D4A36E212AA52F5 /* Localization.swift in Sources */,
				8D0519810957C0DECC65A3FB /* BetElActivityAttributes.swift in Sources */,
				7607E476735EC28D0F78ECE8 /* BetElLiveActivityWidget.swift in Sources */,
			);
			runOnlyForDeploymentPostprocessing = 0;
		};
		504EC3001FED79650016851F /* Sources */ = {
			isa = PBXSourcesBuildPhase;
			buildActionMask = 2147483647;
			files = (
				504EC3081FED79650016851F /* AppDelegate.swift in Sources */,
				9582B6832FE993A70072D4E8 /* SceneDelegate.swift in Sources */,
				3E9E713168783F7207FC1BC1 /* SharedData.swift in Sources */,
				8A074172DFC9F6AAC6FC5E01 /* BetElWidgetBridge.swift in Sources */,
				ECCF7B063C32BD92317F5535 /* MainViewController.swift in Sources */,
				6C4E5E5AA93D9D96B0217FB4 /* NativeTabBarBridge.swift in Sources */,
				1A2B3C4D5E6F7081920A3B4C /* NativeToolsFabView.swift in Sources */,
				3B4C5D6E7F8091A2B3C4D5E6 /* NativeToolsFabBridge.swift in Sources */,
				30877432D1026706D7E805DA /* NativeTopBarView.swift in Sources */,
				73C8EB5BB682575EC87A171A /* NativeTopBarBridge.swift in Sources */,
				358B0438C8F4F446F64D9FE9 /* NativeHapticsBridge.swift in Sources */,
				E65EEC85465EDFF002888C93 /* ReduceMotion.swift in Sources */,
				A200CE886CD1AD5CD6311403 /* DynamicType.swift in Sources */,
				3FD4E3BBFF6906BCB14C7B69 /* NativeToastView.swift in Sources */,
				7BE1EC9F2197E2A403D8C9D9 /* NativeToastBridge.swift in Sources */,
				A1B2C3D4E5F60718293A4B5C /* NativeHomeEdit.swift in Sources */,
				D7FDDA1C5DE4E8BEC38E0C7E /* NativeSettingsView.swift in Sources */,
				F67D27C4CF665B6C3EDE3DB5 /* NativeSettingsBridge.swift in Sources */,
				7EEB8A1EC9332A30A983694D /* NativeModalView.swift in Sources */,
				5310F88053FC3FCDCEAB11B9 /* NativeModalBridge.swift in Sources */,
				9E1D4BC5FFC163B08E7D88C6 /* NativeFeedbackFormView.swift in Sources */,
				87F72906DF107C467AAC6636 /* BetElActivityAttributes.swift in Sources */,
				3704B246A788E3EDE2D23423 /* NativeLiveActivityBridge.swift in Sources */,
				248104E148D729AB8E762FC0 /* Solar.swift in Sources */,
				3FA22A6CC01FDBE4BEB5E255 /* Localization.swift in Sources */,
			);
			runOnlyForDeploymentPostprocessing = 0;
		};
/* End PBXSourcesBuildPhase section */

/* Begin PBXTargetDependency section */
		1DE532BDB192994A08A97888 /* PBXTargetDependency */ = {
			isa = PBXTargetDependency;
			name = BetElWidget;
			target = 10B43BF50CA590CE702DE68A /* BetElWidget */;
			targetProxy = 5EDB269DBD3B49E987F1DB6E /* PBXContainerItemProxy */;
		};
/* End PBXTargetDependency section */

/* Begin PBXVariantGroup section */
		504EC30B1FED79650016851F /* Main.storyboard */ = {
			isa = PBXVariantGroup;
			children = (
				504EC30C1FED79650016851F /* Base */,
			);
			name = Main.storyboard;
			sourceTree = "<group>";
		};
		504EC3101FED79650016851F /* LaunchScreen.storyboard */ = {
			isa = PBXVariantGroup;
			children = (
				504EC3111FED79650016851F /* Base */,
			);
			name = LaunchScreen.storyboard;
			sourceTree = "<group>";
		};
/* End PBXVariantGroup section */

/* Begin XCBuildConfiguration section */
		504EC3141FED79650016851F /* Debug */ = {
			isa = XCBuildConfiguration;
			baseConfigurationReference = 958DCC722DB07C7200EA8C5F /* debug.xcconfig */;
			buildSettings = {
				ALWAYS_SEARCH_USER_PATHS = NO;
				CLANG_ANALYZER_NONNULL = YES;
				CLANG_ANALYZER_NUMBER_OBJECT_CONVERSION = YES_AGGRESSIVE;
				CLANG_CXX_LANGUAGE_STANDARD = "gnu++14";
				CLANG_CXX_LIBRARY = "libc++";
				CLANG_ENABLE_MODULES = YES;
				CLANG_ENABLE_OBJC_ARC = YES;
				CLANG_WARN_BLOCK_CAPTURE_AUTORELEASING = YES;
				CLANG_WARN_BOOL_CONVERSION = YES;
				CLANG_WARN_COMMA = YES;
				CLANG_WARN_CONSTANT_CONVERSION = YES;
				CLANG_WARN_DIRECT_OBJC_ISA_USAGE = YES_ERROR;
				CLANG_WARN_DOCUMENTATION_COMMENTS = YES;
				CLANG_WARN_EMPTY_BODY = YES;
				CLANG_WARN_ENUM_CONVERSION = YES;
				CLANG_WARN_INFINITE_RECURSION = YES;
				CLANG_WARN_INT_CONVERSION = YES;
				CLANG_WARN_NON_LITERAL_NULL_CONVERSION = YES;
				CLANG_WARN_OBJC_LITERAL_CONVERSION = YES;
				CLANG_WARN_OBJC_ROOT_CLASS = YES_ERROR;
				CLANG_WARN_RANGE_LOOP_ANALYSIS = YES;
				CLANG_WARN_STRICT_PROTOTYPES = YES;
				CLANG_WARN_SUSPICIOUS_MOVE = YES;
				CLANG_WARN_UNGUARDED_AVAILABILITY = YES_AGGRESSIVE;
				CLANG_WARN_UNREACHABLE_CODE = YES;
				CLANG_WARN__DUPLICATE_METHOD_MATCH = YES;
				CODE_SIGN_IDENTITY = "iPhone Developer";
				COPY_PHASE_STRIP = NO;
				DEBUG_INFORMATION_FORMAT = dwarf;
				ENABLE_STRICT_OBJC_MSGSEND = YES;
				ENABLE_TESTABILITY = YES;
				GCC_C_LANGUAGE_STANDARD = gnu11;
				GCC_DYNAMIC_NO_PIC = NO;
				GCC_NO_COMMON_BLOCKS = YES;
				GCC_OPTIMIZATION_LEVEL = 0;
				GCC_PREPROCESSOR_DEFINITIONS = (
					"DEBUG=1",
					"$(inherited)",
				);
				GCC_WARN_64_TO_32_BIT_CONVERSION = YES;
				GCC_WARN_ABOUT_RETURN_TYPE = YES_ERROR;
				GCC_WARN_UNDECLARED_SELECTOR = YES;
				GCC_WARN_UNINITIALIZED_AUTOS = YES_AGGRESSIVE;
				GCC_WARN_UNUSED_FUNCTION = YES;
				GCC_WARN_UNUSED_VARIABLE = YES;
				IPHONEOS_DEPLOYMENT_TARGET = 15.0;
				MTL_ENABLE_DEBUG_INFO = YES;
				ONLY_ACTIVE_ARCH = YES;
				SDKROOT = iphoneos;
				SWIFT_ACTIVE_COMPILATION_CONDITIONS = DEBUG;
				SWIFT_OPTIMIZATION_LEVEL = "-Onone";
			};
			name = Debug;
		};
		504EC3151FED79650016851F /* Release */ = {
			isa = XCBuildConfiguration;
			buildSettings = {
				ALWAYS_SEARCH_USER_PATHS = NO;
				CLANG_ANALYZER_NONNULL = YES;
				CLANG_ANALYZER_NUMBER_OBJECT_CONVERSION = YES_AGGRESSIVE;
				CLANG_CXX_LANGUAGE_STANDARD = "gnu++14";
				CLANG_CXX_LIBRARY = "libc++";
				CLANG_ENABLE_MODULES = YES;
				CLANG_ENABLE_OBJC_ARC = YES;
				CLANG_WARN_BLOCK_CAPTURE_AUTORELEASING = YES;
				CLANG_WARN_BOOL_CONVERSION = YES;
				CLANG_WARN_COMMA = YES;
				CLANG_WARN_CONSTANT_CONVERSION = YES;
				CLANG_WARN_DIRECT_OBJC_ISA_USAGE = YES_ERROR;
				CLANG_WARN_DOCUMENTATION_COMMENTS = YES;
				CLANG_WARN_EMPTY_BODY = YES;
				CLANG_WARN_ENUM_CONVERSION = YES;
				CLANG_WARN_INFINITE_RECURSION = YES;
				CLANG_WARN_INT_CONVERSION = YES;
				CLANG_WARN_NON_LITERAL_NULL_CONVERSION = YES;
				CLANG_WARN_OBJC_LITERAL_CONVERSION = YES;
				CLANG_WARN_OBJC_ROOT_CLASS = YES_ERROR;
				CLANG_WARN_RANGE_LOOP_ANALYSIS = YES;
				CLANG_WARN_STRICT_PROTOTYPES = YES;
				CLANG_WARN_SUSPICIOUS_MOVE = YES;
				CLANG_WARN_UNGUARDED_AVAILABILITY = YES_AGGRESSIVE;
				CLANG_WARN_UNREACHABLE_CODE = YES;
				CLANG_WARN__DUPLICATE_METHOD_MATCH = YES;
				CODE_SIGN_IDENTITY = "iPhone Developer";
				COPY_PHASE_STRIP = NO;
				DEBUG_INFORMATION_FORMAT = "dwarf-with-dsym";
				ENABLE_NS_ASSERTIONS = NO;
				ENABLE_STRICT_OBJC_MSGSEND = YES;
				GCC_C_LANGUAGE_STANDARD = gnu11;
				GCC_NO_COMMON_BLOCKS = YES;
				GCC_WARN_64_TO_32_BIT_CONVERSION = YES;
				GCC_WARN_ABOUT_RETURN_TYPE = YES_ERROR;
				GCC_WARN_UNDECLARED_SELECTOR = YES;
				GCC_WARN_UNINITIALIZED_AUTOS = YES_AGGRESSIVE;
				GCC_WARN_UNUSED_FUNCTION = YES;
				GCC_WARN_UNUSED_VARIABLE = YES;
				IPHONEOS_DEPLOYMENT_TARGET = 15.0;
				MTL_ENABLE_DEBUG_INFO = NO;
				SDKROOT = iphoneos;
				SWIFT_COMPILATION_MODE = wholemodule;
				SWIFT_OPTIMIZATION_LEVEL = "-O";
				VALIDATE_PRODUCT = YES;
			};
			name = Release;
		};
		504EC3171FED79650016851F /* Debug */ = {
			isa = XCBuildConfiguration;
			baseConfigurationReference = 958DCC722DB07C7200EA8C5F /* debug.xcconfig */;
			buildSettings = {
				ASSETCATALOG_COMPILER_APPICON_NAME = AppIcon;
				CODE_SIGN_ENTITLEMENTS = App/App.entitlements;
				CODE_SIGN_STYLE = Automatic;
				CURRENT_PROJECT_VERSION = 4;
				INFOPLIST_FILE = App/Info.plist;
				IPHONEOS_DEPLOYMENT_TARGET = 15.0;
				LD_RUNPATH_SEARCH_PATHS = (
					"$(inherited)",
					"@executable_path/Frameworks",
				);
				MARKETING_VERSION = 1.3;
				OTHER_SWIFT_FLAGS = "$(inherited) \"-D\" \"COCOAPODS\" \"-DDEBUG\"";
				PRODUCT_BUNDLE_IDENTIFIER = com.beitel.tehilim;
				PRODUCT_NAME = "$(TARGET_NAME)";
				SWIFT_ACTIVE_COMPILATION_CONDITIONS = DEBUG;
				SWIFT_VERSION = 5.0;
				TARGETED_DEVICE_FAMILY = "1,2";
			};
			name = Debug;
		};
		504EC3181FED79650016851F /* Release */ = {
			isa = XCBuildConfiguration;
			buildSettings = {
				ASSETCATALOG_COMPILER_APPICON_NAME = AppIcon;
				CODE_SIGN_ENTITLEMENTS = App/App.entitlements;
				CODE_SIGN_STYLE = Automatic;
				CURRENT_PROJECT_VERSION = 4;
				INFOPLIST_FILE = App/Info.plist;
				IPHONEOS_DEPLOYMENT_TARGET = 15.0;
				LD_RUNPATH_SEARCH_PATHS = (
					"$(inherited)",
					"@executable_path/Frameworks",
				);
				MARKETING_VERSION = 1.3;
				PRODUCT_BUNDLE_IDENTIFIER = com.beitel.tehilim;
				PRODUCT_NAME = "$(TARGET_NAME)";
				SWIFT_ACTIVE_COMPILATION_CONDITIONS = "";
				SWIFT_VERSION = 5.0;
				TARGETED_DEVICE_FAMILY = "1,2";
			};
			name = Release;
		};
		B339EBFA725ECA3F8084E517 /* Debug */ = {
			isa = XCBuildConfiguration;
			buildSettings = {
				CLANG_ENABLE_OBJC_WEAK = NO;
				CODE_SIGN_ENTITLEMENTS = BetElWidget/BetElWidget.entitlements;
				CODE_SIGN_STYLE = Automatic;
				CURRENT_PROJECT_VERSION = 4;
				GENERATE_INFOPLIST_FILE = NO;
				INFOPLIST_FILE = BetElWidget/Info.plist;
				IPHONEOS_DEPLOYMENT_TARGET = 15.0;
				LD_RUNPATH_SEARCH_PATHS = (
					"$(inherited)",
					"@executable_path/Frameworks",
					"@executable_path/../../Frameworks",
				);
				MARKETING_VERSION = 1.3;
				PRODUCT_BUNDLE_IDENTIFIER = com.beitel.tehilim.widget;
				PRODUCT_NAME = "$(TARGET_NAME)";
				SDKROOT = iphoneos;
				SKIP_INSTALL = YES;
				SWIFT_EMIT_LOC_STRINGS = YES;
				SWIFT_VERSION = 5.0;
				TARGETED_DEVICE_FAMILY = "1,2";
			};
			name = Debug;
		};
		B58B6882FA214A014091621D /* Release */ = {
			isa = XCBuildConfiguration;
			buildSettings = {
				CLANG_ENABLE_OBJC_WEAK = NO;
				CODE_SIGN_ENTITLEMENTS = BetElWidget/BetElWidget.entitlements;
				CODE_SIGN_STYLE = Automatic;
				CURRENT_PROJECT_VERSION = 4;
				GENERATE_INFOPLIST_FILE = NO;
				INFOPLIST_FILE = BetElWidget/Info.plist;
				IPHONEOS_DEPLOYMENT_TARGET = 15.0;
				LD_RUNPATH_SEARCH_PATHS = (
					"$(inherited)",
					"@executable_path/Frameworks",
					"@executable_path/../../Frameworks",
				);
				MARKETING_VERSION = 1.3;
				PRODUCT_BUNDLE_IDENTIFIER = com.beitel.tehilim.widget;
				PRODUCT_NAME = "$(TARGET_NAME)";
				SDKROOT = iphoneos;
				SKIP_INSTALL = YES;
				SWIFT_EMIT_LOC_STRINGS = YES;
				SWIFT_VERSION = 5.0;
				TARGETED_DEVICE_FAMILY = "1,2";
				VALIDATE_PRODUCT = YES;
			};
			name = Release;
		};
/* End XCBuildConfiguration section */

/* Begin XCConfigurationList section */
		504EC2FF1FED79650016851F /* Build configuration list for PBXProject "App" */ = {
			isa = XCConfigurationList;
			buildConfigurations = (
				504EC3141FED79650016851F /* Debug */,
				504EC3151FED79650016851F /* Release */,
			);
			defaultConfigurationIsVisible = 0;
			defaultConfigurationName = Release;
		};
		504EC3161FED79650016851F /* Build configuration list for PBXNativeTarget "App" */ = {
			isa = XCConfigurationList;
			buildConfigurations = (
				504EC3171FED79650016851F /* Debug */,
				504EC3181FED79650016851F /* Release */,
			);
			defaultConfigurationIsVisible = 0;
			defaultConfigurationName = Release;
		};
		66F901C21A336A21E0AE60AE /* Build configuration list for PBXNativeTarget "BetElWidget" */ = {
			isa = XCConfigurationList;
			buildConfigurations = (
				B58B6882FA214A014091621D /* Release */,
				B339EBFA725ECA3F8084E517 /* Debug */,
			);
			defaultConfigurationIsVisible = 0;
			defaultConfigurationName = Release;
		};
/* End XCConfigurationList section */

/* Begin XCLocalSwiftPackageReference section */
		D4C12C0A2AAA248700AAC8A2 /* XCLocalSwiftPackageReference "CapApp-SPM" */ = {
			isa = XCLocalSwiftPackageReference;
			relativePath = "CapApp-SPM";
		};
/* End XCLocalSwiftPackageReference section */

/* Begin XCSwiftPackageProductDependency section */
		4D22ABE82AF431CB00220026 /* CapApp-SPM */ = {
			isa = XCSwiftPackageProductDependency;
			package = D4C12C0A2AAA248700AAC8A2 /* XCLocalSwiftPackageReference "CapApp-SPM" */;
			productName = "CapApp-SPM";
		};
/* End XCSwiftPackageProductDependency section */
	};
	rootObject = 504EC2FC1FED79650016851F /* Project object */;
}
